// !$*UTF8*$!
{
	archiveVersion = 1;
	classes = {
	};
	objectVersion = 77;
	objects = {

/* Begin PBXBuildFile section */
		AF6EB83F2EF01A850070CE12 /* readme.md in Resources */ = {isa = PBXBuildFile; fileRef = AF6EB83E2EF01A7C0070CE12 /* readme.md */; };
		AF6EB8412EF01B740070CE12 /* License in Resources */ = {isa = PBXBuildFile; fileRef = AF6EB8402EF01B6C0070CE12 /* License */; };
		AF6EB8432EF01BDA0070CE12 /* se_license.html in Resources */ = {isa = PBXBuildFile; fileRef = AF6EB8422EF01BD30070CE12 /* se_license.html */; };
		AF6EB8442EF01BD40070CE12 /* EnigmaApl/CSwissEphemeris/se in Resources */ = {isa = PBXBuildFile; fileRef = AF6EB8452EF01BD50070CE12 /* EnigmaApl/CSwissEphemeris/se */; };
/* End PBXBuildFile section */

/* Begin PBXContainerItemProxy section */
		AF6EB8222EF019970070CE12 /* PBXContainerItemProxy */ = {
			isa = PBXContainerItemProxy;
			containerPortal = AF6EB80A2EF019960070CE12 /* Project object */;
			proxyType = 1;
			remoteGlobalIDString = AF6EB8112EF019960070CE12;
			remoteInfo = EnigmaApl;
		};
		AF6EB82C2EF019970070CE12 /* PBXContainerItemProxy */ = {
			isa = PBXContainerItemProxy;
			containerPortal = AF6EB80A2EF019960070CE12 /* Project object */;
			proxyType = 1;
			remoteGlobalIDString = AF6EB8112EF019960070CE12;
			remoteInfo = EnigmaApl;
		};
/* End PBXContainerItemProxy section */

/* Begin PBXFileReference section */
		AF6EB8122EF019960070CE12 /* EnigmaApl.app */ = {isa = PBXFileReference; explicitFileType = wrapper.application; includeInIndex = 0; path = EnigmaApl.app; sourceTree = BUILT_PRODUCTS_DIR; };
		AF6EB8212EF019970070CE12 /* EnigmaAplTests.xctest */ = {isa = PBXFileReference; explicitFileType = wrapper.cfbundle; includeInIndex = 0; path = EnigmaAplTests.xctest; sourceTree = BUILT_PRODUCTS_DIR; };
		AF6EB82B2EF019970070CE12 /* EnigmaAplUITests.xctest */ = {isa = PBXFileReference; explicitFileType = wrapper.cfbundle; includeInIndex = 0; path = EnigmaAplUITests.xctest; sourceTree = BUILT_PRODUCTS_DIR; };
		AF6EB83E2EF01A7C0070CE12 /* readme.md */ = {isa = PBXFileReference; lastKnownFileType = net.daringfireball.markdown; path = readme.md; sourceTree = "<group>"; };
		AF6EB8402EF01B6C0070CE12 /* License */ = {isa = PBXFileReference; lastKnownFileType = text; path = License; sourceTree = "<group>"; };
		AF6EB8422EF01BD30070CE12 /* se_license.html */ = {isa = PBXFileReference; lastKnownFileType = text.html; path = se_license.html; sourceTree = "<group>"; };
		AF6EB8452EF01BD50070CE12 /* EnigmaApl/CSwissEphemeris/se */ = {isa = PBXFileReference; lastKnownFileType = folder; path = EnigmaApl/CSwissEphemeris/se; sourceTree = "<group>"; };
		AFEBE2AD2EF741010036FB36 /* EnigmaApl.xctestplan */ = {isa = PBXFileReference; lastKnownFileType = text; path = EnigmaApl.xctestplan; sourceTree = "<group>"; };
/* End PBXFileReference section */

/* Begin PBXFileSystemSynchronizedBuildFileExceptionSet section */
		AF9201DD2EF08F0B00B1777A /* Exceptions for "EnigmaApl" folder in "EnigmaAplTests" target */ = {
			isa = PBXFileSystemSynchronizedBuildFileExceptionSet;
			membershipExceptions = (
				Resources/Fonts/EnigmaAstrology2.ttf,
			);
			target = AF6EB8202EF019970070CE12 /* EnigmaAplTests */;
		};
		AF9201DE2EF08F0B00B1777A /* Exceptions for "EnigmaApl" folder in "EnigmaAplUITests" target */ = {
			isa = PBXFileSystemSynchronizedBuildFileExceptionSet;
			membershipExceptions = (
				Resources/Fonts/EnigmaAstrology2.ttf,
			);
			target = AF6EB82A2EF019970070CE12 /* EnigmaAplUITests */;
		};
		AF9201E02EF0955F00B1777A /* Exceptions for "EnigmaApl" folder in "EnigmaApl" target */ = {
			isa = PBXFileSystemSynchronizedBuildFileExceptionSet;
			membershipExceptions = (
				Info.plist,
			);
			target = AF6EB8112EF019960070CE12 /* EnigmaApl */;
		};
/* End PBXFileSystemSynchronizedBuildFileExceptionSet section */

/* Begin PBXFileSystemSynchronizedRootGroup section */
		AF6EB8142EF019960070CE12 /* EnigmaApl */ = {
			isa = PBXFileSystemSynchronizedRootGroup;
			exceptions = (
				AF9201E02EF0955F00B1777A /* Exceptions for "EnigmaApl" folder in "EnigmaApl" target */,
				AF9201DD2EF08F0B00B1777A /* Exceptions for "EnigmaApl" folder in "EnigmaAplTests" target */,
				AF9201DE2EF08F0B00B1777A /* Exceptions for "EnigmaApl" folder in "EnigmaAplUITests" target */,
			);
			path = EnigmaApl;
			sourceTree = "<group>";
		};
		AF6EB8242EF019970070CE12 /* EnigmaAplTests */ = {
			isa = PBXFileSystemSynchronizedRootGroup;
			path = EnigmaAplTests;
			sourceTree = "<group>";
		};
		AF6EB82E2EF019970070CE12 /* EnigmaAplUITests */ = {
			isa = PBXFileSystemSynchronizedRootGroup;
			path = EnigmaAplUITests;
			sourceTree = "<group>";
		};
/* End PBXFileSystemSynchronizedRootGroup section */

/* Begin PBXFrameworksBuildPhase section */
		AF6EB80F2EF019960070CE12 /* Frameworks */ = {
			isa = PBXFrameworksBuildPhase;
			buildActionMask = 2147483647;
			files = (
			);
			runOnlyForDeploymentPostprocessing = 0;
		};
		AF6EB81E2EF019970070CE12 /* Frameworks */ = {
			isa = PBXFrameworksBuildPhase;
			buildActionMask = 2147483647;
			files = (
			);
			runOnlyForDeploymentPostprocessing = 0;
		};
		AF6EB8282EF019970070CE12 /* Frameworks */ = {
			isa = PBXFrameworksBuildPhase;
			buildActionMask = 2147483647;
			files = (
			);
			runOnlyForDeploymentPostprocessing = 0;
		};
/* End PBXFrameworksBuildPhase section */

/* Begin PBXGroup section */
		AF6EB8092EF019960070CE12 = {
			isa = PBXGroup;
			children = (
				AFEBE2AD2EF741010036FB36 /* EnigmaApl.xctestplan */,
				AF6EB8422EF01BD30070CE12 /* se_license.html */,
				AF6EB8402EF01B6C0070CE12 /* License */,
				AF6EB83E2EF01A7C0070CE12 /* readme.md */,
				AF6EB8142EF019960070CE12 /* EnigmaApl */,
				AF6EB8242EF019970070CE12 /* EnigmaAplTests */,
				AF6EB82E2EF019970070CE12 /* EnigmaAplUITests */,
				AF6EB8132EF019960070CE12 /* Products */,
				AF6EB8452EF01BD50070CE12 /* EnigmaApl/CSwissEphemeris/se */,
			);
			sourceTree = "<group>";
		};
		AF6EB8132EF019960070CE12 /* Products */ = {
			isa = PBXGroup;
			children = (
				AF6EB8122EF019960070CE12 /* EnigmaApl.app */,
				AF6EB8212EF019970070CE12 /* EnigmaAplTests.xctest */,
				AF6EB82B2EF019970070CE12 /* EnigmaAplUITests.xctest */,
			);
			name = Products;
			sourceTree = "<group>";
		};
/* End PBXGroup section */

/* Begin PBXNativeTarget section */
		AF6EB8112EF019960070CE12 /* EnigmaApl */ = {
			isa = PBXNativeTarget;
			buildConfigurationList = AF6EB8352EF019970070CE12 /* Build configuration list for PBXNativeTarget "EnigmaApl" */;
			buildPhases = (
				AF6EB80E2EF019960070CE12 /* Sources */,
				AF6EB80F2EF019960070CE12 /* Frameworks */,
				AF6EB8102EF019960070CE12 /* Resources */,
			);
			buildRules = (
			);
			dependencies = (
			);
			fileSystemSynchronizedGroups = (
				AF6EB8142EF019960070CE12 /* EnigmaApl */,
			);
			name = EnigmaApl;
			packageProductDependencies = (
			);
			productName = EnigmaApl;
			productReference = AF6EB8122EF019960070CE12 /* EnigmaApl.app */;
			productType = "com.apple.product-type.application";
		};
		AF6EB8202EF019970070CE12 /* EnigmaAplTests */ = {
			isa = PBXNativeTarget;
			buildConfigurationList = AF6EB8382EF019970070CE12 /* Build configuration list for PBXNativeTarget "EnigmaAplTests" */;
			buildPhases = (
				AF6EB81D2EF019970070CE12 /* Sources */,
				AF6EB81E2EF019970070CE12 /* Frameworks */,
				AF6EB81F2EF019970070CE12 /* Resources */,
			);
			buildRules = (
			);
			dependencies = (
				AF6EB8232EF019970070CE12 /* PBXTargetDependency */,
			);
			fileSystemSynchronizedGroups = (
				AF6EB8242EF019970070CE12 /* EnigmaAplTests */,
			);
			name = EnigmaAplTests;
			packageProductDependencies = (
			);
			productName = EnigmaAplTests;
			productReference = AF6EB8212EF019970070CE12 /* EnigmaAplTests.xctest */;
			productType = "com.apple.product-type.bundle.unit-test";
		};
		AF6EB82A2EF019970070CE12 /* EnigmaAplUITests */ = {
			isa = PBXNativeTarget;
			buildConfigurationList = AF6EB83B2EF019970070CE12 /* Build configuration list for PBXNativeTarget "EnigmaAplUITests" */;
			buildPhases = (
				AF6EB8272EF019970070CE12 /* Sources */,
				AF6EB8282EF019970070CE12 /* Frameworks */,
				AF6EB8292EF019970070CE12 /* Resources */,
			);
			buildRules = (
			);
			dependencies = (
				AF6EB82D2EF019970070CE12 /* PBXTargetDependency */,
			);
			fileSystemSynchronizedGroups = (
				AF6EB82E2EF019970070CE12 /* EnigmaAplUITests */,
			);
			name = EnigmaAplUITests;
			packageProductDependencies = (
			);
			productName = EnigmaAplUITests;
			productReference = AF6EB82B2EF019970070CE12 /* EnigmaAplUITests.xctest */;
			productType = "com.apple.product-type.bundle.ui-testing";
		};
/* End PBXNativeTarget section */

/* Begin PBXProject section */
		AF6EB80A2EF019960070CE12 /* Project object */ = {
			isa = PBXProject;
			attributes = {
				BuildIndependentTargetsInParallel = 1;
				LastSwiftUpdateCheck = 2620;
				LastUpgradeCheck = 2620;
				TargetAttributes = {
					AF6EB8112EF019960070CE12 = {
						CreatedOnToolsVersion = 26.2;
						LastSwiftMigration = 2620;
					};
					AF6EB8202EF019970070CE12 = {
						CreatedOnToolsVersion = 26.2;
						TestTargetID = AF6EB8112EF019960070CE12;
					};
					AF6EB82A2EF019970070CE12 = {
						CreatedOnToolsVersion = 26.2;
						TestTargetID = AF6EB8112EF019960070CE12;
					};
				};
			};
			buildConfigurationList = AF6EB80D2EF019960070CE12 /* Build configuration list for PBXProject "EnigmaApl" */;
			developmentRegion = en;
			hasScannedForEncodings = 0;
			knownRegions = (
				en,
				Base,
				de,
				fr,
				nl,
			);
			mainGroup = AF6EB8092EF019960070CE12;
			minimizedProjectReferenceProxies = 1;
			preferredProjectObjectVersion = 77;
			productRefGroup = AF6EB8132EF019960070CE12 /* Products */;
			projectDirPath = "";
			projectRoot = "";
			targets = (
				AF6EB8112EF019960070CE12 /* EnigmaApl */,
				AF6EB8202EF019970070CE12 /* EnigmaAplTests */,
				AF6EB82A2EF019970070CE12 /* EnigmaAplUITests */,
			);
		};
/* End PBXProject section */

/* Begin PBXResourcesBuildPhase section */
		AF6EB8102EF019960070CE12 /* Resources */ = {
			isa = PBXResourcesBuildPhase;
			buildActionMask = 2147483647;
			files = (
				AF6EB8442EF01BD40070CE12 /* EnigmaApl/CSwissEphemeris/se in Resources */,
				AF6EB8432EF01BDA0070CE12 /* se_license.html in Resources */,
				AF6EB8412EF01B740070CE12 /* License in Resources */,
				AF6EB83F2EF01A850070CE12 /* readme.md in Resources */,
			);
			runOnlyForDeploymentPostprocessing = 0;
		};
		AF6EB81F2EF019970070CE12 /* Resources */ = {
			isa = PBXResourcesBuildPhase;
			buildActionMask = 2147483647;
			files = (
			);
			runOnlyForDeploymentPostprocessing = 0;
		};
		AF6EB8292EF019970070CE12 /* Resources */ = {
			isa = PBXResourcesBuildPhase;
			buildActionMask = 2147483647;
			files = (
			);
			runOnlyForDeploymentPostprocessing = 0;
		};
/* End PBXResourcesBuildPhase section */

/* Begin PBXSourcesBuildPhase section */
		AF6EB80E2EF019960070CE12 /* Sources */ = {
			isa = PBXSourcesBuildPhase;
			buildActionMask = 2147483647;
			files = (
			);
			runOnlyForDeploymentPostprocessing = 0;
		};
		AF6EB81D2EF019970070CE12 /* Sources */ = {
			isa = PBXSourcesBuildPhase;
			buildActionMask = 2147483647;
			files = (
			);
			runOnlyForDeploymentPostprocessing = 0;
		};
		AF6EB8272EF019970070CE12 /* Sources */ = {
			isa = PBXSourcesBuildPhase;
			buildActionMask = 2147483647;
			files = (
			);
			runOnlyForDeploymentPostprocessing = 0;
		};
/* End PBXSourcesBuildPhase section */

/* Begin PBXTargetDependency section */
		AF6EB8232EF019970070CE12 /* PBXTargetDependency */ = {
			isa = PBXTargetDependency;
			target = AF6EB8112EF019960070CE12 /* EnigmaApl */;
			targetProxy = AF6EB8222EF019970070CE12 /* PBXContainerItemProxy */;
		};
		AF6EB82D2EF019970070CE12 /* PBXTargetDependency */ = {
			isa = PBXTargetDependency;
			target = AF6EB8112EF019960070CE12 /* EnigmaApl */;
			targetProxy = AF6EB82C2EF019970070CE12 /* PBXContainerItemProxy */;
		};
/* End PBXTargetDependency section */

/* Begin XCBuildConfiguration section */
		AF6EB8332EF019970070CE12 /* Debug */ = {
			isa = XCBuildConfiguration;
			buildSettings = {
				ALWAYS_SEARCH_USER_PATHS = NO;
				ASSETCATALOG_COMPILER_GENERATE_SWIFT_ASSET_SYMBOL_EXTENSIONS = YES;
				CLANG_ANALYZER_NONNULL = YES;
				CLANG_ANALYZER_NUMBER_OBJECT_CONVERSION = YES_AGGRESSIVE;
				CLANG_CXX_LANGUAGE_STANDARD = "gnu++20";
				CLANG_ENABLE_MODULES = YES;
				CLANG_ENABLE_OBJC_ARC = YES;
				CLANG_ENABLE_OBJC_WEAK = YES;
				CLANG_WARN_BLOCK_CAPTURE_AUTORELEASING = YES;
				CLANG_WARN_BOOL_CONVERSION = YES;
				CLANG_WARN_COMMA = YES;
				CLANG_WARN_CONSTANT_CONVERSION = YES;
				CLANG_WARN_DEPRECATED_OBJC_IMPLEMENTATIONS = YES;
				CLANG_WARN_DIRECT_OBJC_ISA_USAGE = YES_ERROR;
				CLANG_WARN_DOCUMENTATION_COMMENTS = YES;
				CLANG_WARN_EMPTY_BODY = YES;
				CLANG_WARN_ENUM_CONVERSION = YES;
				CLANG_WARN_INFINITE_RECURSION = YES;
				CLANG_WARN_INT_CONVERSION = YES;
				CLANG_WARN_NON_LITERAL_NULL_CONVERSION = YES;
				CLANG_WARN_OBJC_IMPLICIT_RETAIN_SELF = YES;
				CLANG_WARN_OBJC_LITERAL_CONVERSION = YES;
				CLANG_WARN_OBJC_ROOT_CLASS = YES_ERROR;
				CLANG_WARN_QUOTED_INCLUDE_IN_FRAMEWORK_HEADER = YES;
				CLANG_WARN_RANGE_LOOP_ANALYSIS = YES;
				CLANG_WARN_STRICT_PROTOTYPES = YES;
				CLANG_WARN_SUSPICIOUS_MOVE = YES;
				CLANG_WARN_UNGUARDED_AVAILABILITY = YES_AGGRESSIVE;
				CLANG_WARN_UNREACHABLE_CODE = YES;
				CLANG_WARN__DUPLICATE_METHOD_MATCH = YES;
				COPY_PHASE_STRIP = NO;
				DEBUG_INFORMATION_FORMAT = dwarf;
				DEVELOPMENT_TEAM = 8WZZNQCN35;
				ENABLE_STRICT_OBJC_MSGSEND = YES;
				ENABLE_TESTABILITY = YES;
				ENABLE_USER_SCRIPT_SANDBOXING = YES;
				GCC_C_LANGUAGE_STANDARD = gnu17;
				GCC_DYNAMIC_NO_PIC = NO;
				GCC_NO_COMMON_BLOCKS = YES;
				GCC_OPTIMIZATION_LEVEL = 0;
				GCC_PREPROCESSOR_DEFINITIONS = (
					"DEBUG=1",
					"$(inherited)",
				);
				GCC_WARN_64_TO_32_BIT_CONVERSION = YES;
				GCC_WARN_ABOUT_RETURN_TYPE = YES_ERROR;
				GCC_WARN_UNDECLARED_SELECTOR = YES;
				GCC_WARN_UNINITIALIZED_AUTOS = YES_AGGRESSIVE;
				GCC_WARN_UNUSED_FUNCTION = YES;
				GCC_WARN_UNUSED_VARIABLE = YES;
				LOCALIZATION_PREFERS_STRING_CATALOGS = YES;
				MTL_ENABLE_DEBUG_INFO = INCLUDE_SOURCE;
				MTL_FAST_MATH = YES;
				ONLY_ACTIVE_ARCH = YES;
				SWIFT_ACTIVE_COMPILATION_CONDITIONS = "DEBUG $(inherited)";
				SWIFT_OPTIMIZATION_LEVEL = "-Onone";
			};
			name = Debug;
		};
		AF6EB8342EF019970070CE12 /* Release */ = {
			isa = XCBuildConfiguration;
			buildSettings = {
				ALWAYS_SEARCH_USER_PATHS = NO;
				ASSETCATALOG_COMPILER_GENERATE_SWIFT_ASSET_SYMBOL_EXTENSIONS = YES;
				CLANG_ANALYZER_NONNULL = YES;
				CLANG_ANALYZER_NUMBER_OBJECT_CONVERSION = YES_AGGRESSIVE;
				CLANG_CXX_LANGUAGE_STANDARD = "gnu++20";
				CLANG_ENABLE_MODULES = YES;
				CLANG_ENABLE_OBJC_ARC = YES;
				CLANG_ENABLE_OBJC_WEAK = YES;
				CLANG_WARN_BLOCK_CAPTURE_AUTORELEASING = YES;
				CLANG_WARN_BOOL_CONVERSION = YES;
				CLANG_WARN_COMMA = YES;
				CLANG_WARN_CONSTANT_CONVERSION = YES;
				CLANG_WARN_DEPRECATED_OBJC_IMPLEMENTATIONS = YES;
				CLANG_WARN_DIRECT_OBJC_ISA_USAGE = YES_ERROR;
				CLANG_WARN_DOCUMENTATION_COMMENTS = YES;
				CLANG_WARN_EMPTY_BODY = YES;
				CLANG_WARN_ENUM_CONVERSION = YES;
				CLANG_WARN_INFINITE_RECURSION = YES;
				CLANG_WARN_INT_CONVERSION = YES;
				CLANG_WARN_NON_LITERAL_NULL_CONVERSION = YES;
				CLANG_WARN_OBJC_IMPLICIT_RETAIN_SELF = YES;
				CLANG_WARN_OBJC_LITERAL_CONVERSION = YES;
				CLANG_WARN_OBJC_ROOT_CLASS = YES_ERROR;
				CLANG_WARN_QUOTED_INCLUDE_IN_FRAMEWORK_HEADER = YES;
				CLANG_WARN_RANGE_LOOP_ANALYSIS = YES;
				CLANG_WARN_STRICT_PROTOTYPES = YES;
				CLANG_WARN_SUSPICIOUS_MOVE = YES;
				CLANG_WARN_UNGUARDED_AVAILABILITY = YES_AGGRESSIVE;
				CLANG_WARN_UNREACHABLE_CODE = YES;
				CLANG_WARN__DUPLICATE_METHOD_MATCH = YES;
				COPY_PHASE_STRIP = NO;
				DEBUG_INFORMATION_FORMAT = "dwarf-with-dsym";
				DEVELOPMENT_TEAM = 8WZZNQCN35;
				ENABLE_NS_ASSERTIONS = NO;
				ENABLE_STRICT_OBJC_MSGSEND = YES;
				ENABLE_USER_SCRIPT_SANDBOXING = YES;
				GCC_C_LANGUAGE_STANDARD = gnu17;
				GCC_NO_COMMON_BLOCKS = YES;
				GCC_WARN_64_TO_32_BIT_CONVERSION = YES;
				GCC_WARN_ABOUT_RETURN_TYPE = YES_ERROR;
				GCC_WARN_UNDECLARED_SELECTOR = YES;
				GCC_WARN_UNINITIALIZED_AUTOS = YES_AGGRESSIVE;
				GCC_WARN_UNUSED_FUNCTION = YES;
				GCC_WARN_UNUSED_VARIABLE = YES;
				LOCALIZATION_PREFERS_STRING_CATALOGS = YES;
				MTL_ENABLE_DEBUG_INFO = NO;
				MTL_FAST_MATH = YES;
				SWIFT_COMPILATION_MODE = wholemodule;
			};
			name = Release;
		};
		AF6EB8362EF019970070CE12 /* Debug */ = {
			isa = XCBuildConfiguration;
			buildSettings = {
				ASSETCATALOG_COMPILER_APPICON_NAME = AppIcon;
				ASSETCATALOG_COMPILER_GLOBAL_ACCENT_COLOR_NAME = AccentColor;
				CLANG_ENABLE_MODULES = YES;
				CODE_SIGN_STYLE = Automatic;
				CURRENT_PROJECT_VERSION = 1;
				DEVELOPMENT_TEAM = 8WZZNQCN35;
				ENABLE_APP_SANDBOX = YES;
				ENABLE_HARDENED_RUNTIME = YES;
				ENABLE_PREVIEWS = YES;
				ENABLE_USER_SELECTED_FILES = readonly;
				GENERATE_INFOPLIST_FILE = YES;
				HEADER_SEARCH_PATHS = "$(PROJECT_DIR)/EnigmaApl/CSwissEphemeris";
				INFOPLIST_FILE = EnigmaApl/Info.plist;
				INFOPLIST_KEY_CFBundleDisplayName = Enigma;
				INFOPLIST_KEY_LSApplicationCategoryType = "";
				"INFOPLIST_KEY_UIApplicationSceneManifest_Generation[sdk=iphoneos*]" = YES;
				"INFOPLIST_KEY_UIApplicationSceneManifest_Generation[sdk=iphonesimulator*]" = YES;
				"INFOPLIST_KEY_UIApplicationSupportsIndirectInputEvents[sdk=iphoneos*]" = YES;
				"INFOPLIST_KEY_UIApplicationSupportsIndirectInputEvents[sdk=iphonesimulator*]" = YES;
				"INFOPLIST_KEY_UILaunchScreen_Generation[sdk=iphoneos*]" = YES;
				"INFOPLIST_KEY_UILaunchScreen_Generation[sdk=iphonesimulator*]" = YES;
				"INFOPLIST_KEY_UIStatusBarStyle[sdk=iphoneos*]" = UIStatusBarStyleDefault;
				"INFOPLIST_KEY_UIStatusBarStyle[sdk=iphonesimulator*]" = UIStatusBarStyleDefault;
				INFOPLIST_KEY_UISupportedInterfaceOrientations_iPad = "UIInterfaceOrientationPortrait UIInterfaceOrientationPortraitUpsideDown UIInterfaceOrientationLandscapeLeft UIInterfaceOrientationLandscapeRight";
				INFOPLIST_KEY_UISupportedInterfaceOrientations_iPhone = "UIInterfaceOrientationPortrait UIInterfaceOrientationLandscapeLeft UIInterfaceOrientationLandscapeRight";
				IPHONEOS_DEPLOYMENT_TARGET = 26.2;
				LD_RUNPATH_SEARCH_PATHS = "@executable_path/Frameworks";
				"LD_RUNPATH_SEARCH_PATHS[sdk=macosx*]" = "@executable_path/../Frameworks";
				LIBRARY_SEARCH_PATHS = (
					"$(inherited)",
					"$(PROJECT_DIR)/EnigmaApl/CSwissEphemeris",
				);
				MACOSX_DEPLOYMENT_TARGET = 26.1;
				MARKETING_VERSION = 1.0;
				OTHER_SWIFT_FLAGS = "-Xcc -fmodule-map-file=$(PROJECT_DIR)/EnigmaApl/CSwissEphemeris/module.modulemap";
				PRODUCT_BUNDLE_IDENTIFIER = com.jankampherbeek.EnigmaApl;
				PRODUCT_NAME = "$(TARGET_NAME)";
				REGISTER_APP_GROUPS = YES;
				SDKROOT = auto;
				STRING_CATALOG_GENERATE_SYMBOLS = YES;
				SUPPORTED_PLATFORMS = "iphoneos iphonesimulator macosx";
				SUPPORTS_MACCATALYST = NO;
				SWIFT_APPROACHABLE_CONCURRENCY = YES;
				SWIFT_DEFAULT_ACTOR_ISOLATION = MainActor;
				SWIFT_EMIT_LOC_STRINGS = YES;
				SWIFT_OBJC_BRIDGING_HEADER = "EnigmaApl/CSwissEphemeris/EnigmaApl-Bridging-Header.h";
				SWIFT_OPTIMIZATION_LEVEL = "-Onone";
				SWIFT_UPCOMING_FEATURE_MEMBER_IMPORT_VISIBILITY = YES;
				SWIFT_VERSION = 5.0;
				TARGETED_DEVICE_FAMILY = 2;
				XROS_DEPLOYMENT_TARGET = 26.2;
			};
			name = Debug;
		};
		AF6EB8372EF019970070CE12 /* Release */ = {
			isa = XCBuildConfiguration;
			buildSettings = {
				ASSETCATALOG_COMPILER_APPICON_NAME = AppIcon;
				ASSETCATALOG_COMPILER_GLOBAL_ACCENT_COLOR_NAME = AccentColor;
				CLANG_ENABLE_MODULES = YES;
				CODE_SIGN_STYLE = Automatic;
				CURRENT_PROJECT_VERSION = 1;
				DEVELOPMENT_TEAM = 8WZZNQCN35;
				ENABLE_APP_SANDBOX = YES;
				ENABLE_HARDENED_RUNTIME = YES;
				ENABLE_PREVIEWS = YES;
				ENABLE_USER_SELECTED_FILES = readonly;
				GENERATE_INFOPLIST_FILE = YES;
				HEADER_SEARCH_PATHS = "$(PROJECT_DIR)/EnigmaApl/CSwissEphemeris";
				INFOPLIST_FILE = EnigmaApl/Info.plist;
				INFOPLIST_KEY_CFBundleDisplayName = Enigma;
				INFOPLIST_KEY_LSApplicationCategoryType = "";
				"INFOPLIST_KEY_UIApplicationSceneManifest_Generation[sdk=iphoneos*]" = YES;
				"INFOPLIST_KEY_UIApplicationSceneManifest_Generation[sdk=iphonesimulator*]" = YES;
				"INFOPLIST_KEY_UIApplicationSupportsIndirectInputEvents[sdk=iphoneos*]" = YES;
				"INFOPLIST_KEY_UIApplicationSupportsIndirectInputEvents[sdk=iphonesimulator*]" = YES;
				"INFOPLIST_KEY_UILaunchScreen_Generation[sdk=iphoneos*]" = YES;
				"INFOPLIST_KEY_UILaunchScreen_Generation[sdk=iphonesimulator*]" = YES;
				"INFOPLIST_KEY_UIStatusBarStyle[sdk=iphoneos*]" = UIStatusBarStyleDefault;
				"INFOPLIST_KEY_UIStatusBarStyle[sdk=iphonesimulator*]" = UIStatusBarStyleDefault;
				INFOPLIST_KEY_UISupportedInterfaceOrientations_iPad = "UIInterfaceOrientationPortrait UIInterfaceOrientationPortraitUpsideDown UIInterfaceOrientationLandscapeLeft UIInterfaceOrientationLandscapeRight";
				INFOPLIST_KEY_UISupportedInterfaceOrientations_iPhone = "UIInterfaceOrientationPortrait UIInterfaceOrientationLandscapeLeft UIInterfaceOrientationLandscapeRight";
				IPHONEOS_DEPLOYMENT_TARGET = 26.2;
				LD_RUNPATH_SEARCH_PATHS = "@executable_path/Frameworks";
				"LD_RUNPATH_SEARCH_PATHS[sdk=macosx*]" = "@executable_path/../Frameworks";
				LIBRARY_SEARCH_PATHS = (
					"$(inherited)",
					"$(PROJECT_DIR)/EnigmaApl/CSwissEphemeris",
				);
				MACOSX_DEPLOYMENT_TARGET = 26.1;
				MARKETING_VERSION = 1.0;
				PRODUCT_BUNDLE_IDENTIFIER = com.jankampherbeek.EnigmaApl;
				PRODUCT_NAME = "$(TARGET_NAME)";
				REGISTER_APP_GROUPS = YES;
				SDKROOT = auto;
				STRING_CATALOG_GENERATE_SYMBOLS = YES;
				SUPPORTED_PLATFORMS = "iphoneos iphonesimulator macosx";
				SUPPORTS_MACCATALYST = NO;
				SWIFT_APPROACHABLE_CONCURRENCY = YES;
				SWIFT_DEFAULT_ACTOR_ISOLATION = MainActor;
				SWIFT_EMIT_LOC_STRINGS = YES;
				SWIFT_OBJC_BRIDGING_HEADER = "EnigmaApl/CSwissEphemeris/EnigmaApl-Bridging-Header.h";
				SWIFT_UPCOMING_FEATURE_MEMBER_IMPORT_VISIBILITY = YES;
				SWIFT_VERSION = 5.0;
				TARGETED_DEVICE_FAMILY = 2;
				XROS_DEPLOYMENT_TARGET = 26.2;
			};
			name = Release;
		};
		AF6EB8392EF019970070CE12 /* Debug */ = {
			isa = XCBuildConfiguration;
			buildSettings = {
				BUNDLE_LOADER = "$(TEST_HOST)";
				CODE_SIGN_STYLE = Automatic;
				CURRENT_PROJECT_VERSION = 1;
				DEVELOPMENT_TEAM = 8WZZNQCN35;
				GENERATE_INFOPLIST_FILE = YES;
				HEADER_SEARCH_PATHS = "$(PROJECT_DIR)/EnigmaApl/CSwissEphemeris";
				IPHONEOS_DEPLOYMENT_TARGET = 26.2;
				LD_RUNPATH_SEARCH_PATHS = "@executable_path/Frameworks";
				"LD_RUNPATH_SEARCH_PATHS[sdk=macosx*]" = "@executable_path/../Frameworks";
				LIBRARY_SEARCH_PATHS = (
					"$(inherited)",
					"$(PROJECT_DIR)/EnigmaApl/CSwissEphemeris",
				);
				MACOSX_DEPLOYMENT_TARGET = 26.1;
				MARKETING_VERSION = 1.0;
				OTHER_SWIFT_FLAGS = "-Xcc -fmodule-map-file=$(PROJECT_DIR)/EnigmaApl/CSwissEphemeris/module.modulemap";
				PRODUCT_BUNDLE_IDENTIFIER = com.jankampherbeek.EnigmaAplTests;
				PRODUCT_NAME = "$(TARGET_NAME)";
				SDKROOT = auto;
				STRING_CATALOG_GENERATE_SYMBOLS = NO;
				SUPPORTED_PLATFORMS = "iphoneos iphonesimulator macosx xros xrsimulator";
				SWIFT_APPROACHABLE_CONCURRENCY = YES;
				SWIFT_EMIT_LOC_STRINGS = NO;
				SWIFT_UPCOMING_FEATURE_MEMBER_IMPORT_VISIBILITY = YES;
				SWIFT_VERSION = 5.0;
				TARGETED_DEVICE_FAMILY = "1,2,7";
				TEST_HOST = "$(BUILT_PRODUCTS_DIR)/EnigmaApl.app/$(BUNDLE_EXECUTABLE_FOLDER_PATH)/EnigmaApl";
				XROS_DEPLOYMENT_TARGET = 26.2;
			};
			name = Debug;
		};
		AF6EB83A2EF019970070CE12 /* Release */ = {
			isa = XCBuildConfiguration;
			buildSettings = {
				BUNDLE_LOADER = "$(TEST_HOST)";
				CODE_SIGN_STYLE = Automatic;
				CURRENT_PROJECT_VERSION = 1;
				DEVELOPMENT_TEAM = 8WZZNQCN35;
				GENERATE_INFOPLIST_FILE = YES;
				HEADER_SEARCH_PATHS = "$(PROJECT_DIR)/EnigmaApl/CSwissEphemeris";
				IPHONEOS_DEPLOYMENT_TARGET = 26.2;
				LD_RUNPATH_SEARCH_PATHS = "@executable_path/Frameworks";
				"LD_RUNPATH_SEARCH_PATHS[sdk=macosx*]" = "@executable_path/../Frameworks";
				LIBRARY_SEARCH_PATHS = (
					"$(inherited)",
					"$(PROJECT_DIR)/EnigmaApl/CSwissEphemeris",
				);
				MACOSX_DEPLOYMENT_TARGET = 26.1;
				MARKETING_VERSION = 1.0;
				OTHER_SWIFT_FLAGS = "-Xcc -fmodule-map-file=$(PROJECT_DIR)/EnigmaApl/CSwissEphemeris/module.modulemap";
				PRODUCT_BUNDLE_IDENTIFIER = com.jankampherbeek.EnigmaAplTests;
				PRODUCT_NAME = "$(TARGET_NAME)";
				SDKROOT = auto;
				STRING_CATALOG_GENERATE_SYMBOLS = NO;
				SUPPORTED_PLATFORMS = "iphoneos iphonesimulator macosx xros xrsimulator";
				SWIFT_APPROACHABLE_CONCURRENCY = YES;
				SWIFT_EMIT_LOC_STRINGS = NO;
				SWIFT_UPCOMING_FEATURE_MEMBER_IMPORT_VISIBILITY = YES;
				SWIFT_VERSION = 5.0;
				TARGETED_DEVICE_FAMILY = "1,2,7";
				TEST_HOST = "$(BUILT_PRODUCTS_DIR)/EnigmaApl.app/$(BUNDLE_EXECUTABLE_FOLDER_PATH)/EnigmaApl";
				XROS_DEPLOYMENT_TARGET = 26.2;
			};
			name = Release;
		};
		AF6EB83C2EF019970070CE12 /* Debug */ = {
			isa = XCBuildConfiguration;
			buildSettings = {
				CODE_SIGN_STYLE = Automatic;
				CURRENT_PROJECT_VERSION = 1;
				DEVELOPMENT_TEAM = 8WZZNQCN35;
				GENERATE_INFOPLIST_FILE = YES;
				IPHONEOS_DEPLOYMENT_TARGET = 26.2;
				MACOSX_DEPLOYMENT_TARGET = 26.1;
				MARKETING_VERSION = 1.0;
				PRODUCT_BUNDLE_IDENTIFIER = com.jankampherbeek.EnigmaAplUITests;
				PRODUCT_NAME = "$(TARGET_NAME)";
				SDKROOT = auto;
				STRING_CATALOG_GENERATE_SYMBOLS = NO;
				SUPPORTED_PLATFORMS = "iphoneos iphonesimulator macosx xros xrsimulator";
				SWIFT_APPROACHABLE_CONCURRENCY = YES;
				SWIFT_EMIT_LOC_STRINGS = NO;
				SWIFT_UPCOMING_FEATURE_MEMBER_IMPORT_VISIBILITY = YES;
				SWIFT_VERSION = 5.0;
				TARGETED_DEVICE_FAMILY = "1,2,7";
				TEST_TARGET_NAME = EnigmaApl;
				XROS_DEPLOYMENT_TARGET = 26.2;
			};
			name = Debug;
		};
		AF6EB83D2EF019970070CE12 /* Release */ = {
			isa = XCBuildConfiguration;
			buildSettings = {
				CODE_SIGN_STYLE = Automatic;
				CURRENT_PROJECT_VERSION = 1;
				DEVELOPMENT_TEAM = 8WZZNQCN35;
				GENERATE_INFOPLIST_FILE = YES;
				IPHONEOS_DEPLOYMENT_TARGET = 26.2;
				MACOSX_DEPLOYMENT_TARGET = 26.1;
				MARKETING_VERSION = 1.0;
				PRODUCT_BUNDLE_IDENTIFIER = com.jankampherbeek.EnigmaAplUITests;
				PRODUCT_NAME = "$(TARGET_NAME)";
				SDKROOT = auto;
				STRING_CATALOG_GENERATE_SYMBOLS = NO;
				SUPPORTED_PLATFORMS = "iphoneos iphonesimulator macosx xros xrsimulator";
				SWIFT_APPROACHABLE_CONCURRENCY = YES;
				SWIFT_EMIT_LOC_STRINGS = NO;
				SWIFT_UPCOMING_FEATURE_MEMBER_IMPORT_VISIBILITY = YES;
				SWIFT_VERSION = 5.0;
				TARGETED_DEVICE_FAMILY = "1,2,7";
				TEST_TARGET_NAME = EnigmaApl;
				XROS_DEPLOYMENT_TARGET = 26.2;
			};
			name = Release;
		};
/* End XCBuildConfiguration section */

/* Begin XCConfigurationList section */
		AF6EB80D2EF019960070CE12 /* Build configuration list for PBXProject "EnigmaApl" */ = {
			isa = XCConfigurationList;
			buildConfigurations = (
				AF6EB8332EF019970070CE12 /* Debug */,
				AF6EB8342EF019970070CE12 /* Release */,
			);
			defaultConfigurationIsVisible = 0;
			defaultConfigurationName = Release;
		};
		AF6EB8352EF019970070CE12 /* Build configuration list for PBXNativeTarget "EnigmaApl" */ = {
			isa = XCConfigurationList;
			buildConfigurations = (
				AF6EB8362EF019970070CE12 /* Debug */,
				AF6EB8372EF019970070CE12 /* Release */,
			);
			defaultConfigurationIsVisible = 0;
			defaultConfigurationName = Release;
		};
		AF6EB8382EF019970070CE12 /* Build configuration list for PBXNativeTarget "EnigmaAplTests" */ = {
			isa = XCConfigurationList;
			buildConfigurations = (
				AF6EB8392EF019970070CE12 /* Debug */,
				AF6EB83A2EF019970070CE12 /* Release */,
			);
			defaultConfigurationIsVisible = 0;
			defaultConfigurationName = Release;
		};
		AF6EB83B2EF019970070CE12 /* Build configuration list for PBXNativeTarget "EnigmaAplUITests" */ = {
			isa = XCConfigurationList;
			buildConfigurations = (
				AF6EB83C2EF019970070CE12 /* Debug */,
				AF6EB83D2EF019970070CE12 /* Release */,
			);
			defaultConfigurationIsVisible = 0;
			defaultConfigurationName = Release;
		};
/* End XCConfigurationList section */
	};
	rootObject = AF6EB80A2EF019960070CE12 /* Project object */;
}
